
Microsoft Visual Studio Solution File, Format Version 12.00
# Visual Studio Version 16
VisualStudioVersion = 16.0.30717.126
MinimumVisualStudioVersion = 10.0.40219.1
Project("{FAE04EC0-301F-11D3-BF4B-00C04F79EFBC}") = "QuanLyQuanCafe", "Coffee_Shop\QuanLyQuanCafe.csproj", "{331E6014-2948-4D13-9FEA-4217F3B111BE}"
EndProject
Global
	GlobalSection(SolutionConfigurationPlatforms) = preSolution
		Debug|x86 = Debug|x86
		Release|x86 = Release|x86
	EndGlobalSection
	GlobalSection(ProjectConfigurationPlatforms) = postSolution
		{331E6014-2948-4D13-9FEA-4217F3B111BE}.Debug|x86.ActiveCfg = Debug|x86
		{331E6014-2948-4D13-9FEA-4217F3B111BE}.Debug|x86.Build.0 = Debug|x86
		{331E6014-2948-4D13-9FEA-4217F3B111BE}.Release|x86.ActiveCfg = Release|x86
		{331E6014-2948-4D13-9FEA-4217F3B111BE}.Release|x86.Build.0 = Release|x86
	EndGlobalSection
	GlobalSection(SolutionProperties) = preSolution
		HideSolutionNode = FALSE
	EndGlobalSection
	GlobalSection(ExtensibilityGlobals) = postSolution
		SolutionGuid = {1B0EDD00-2219-4FE2-818C-03FFE64F514E}
	EndGlobalSection
EndGlobal
